
DEPENDENCIES: 
- AFNetworking
- JTObjectMapping
- SenTestingKitAsync (~> 1.0)

PODS: 
- AFNetworking (1.1.0)
- JTObjectMapping (1.1)
- SenTestingKitAsync (1.0.2)

COCOAPODS: 0.16.4

SPEC CHECKSUMS: 
  JTObjectMapping: 245b1123d0f0d7d0d6ff6537f9d23bbe0d108ddc
  SenTestingKitAsync: 037d9154ad70291092579a6e517c7d6f6f7376f4
  AFNetworking: 761a418233d280c1e0580bcb76ff9cb4c3073d17
